
Microsoft Visual Studio Solution File, Format Version 12.00
# Visual Studio Version 16
VisualStudioVersion = 16.0.31702.278
MinimumVisualStudioVersion = 10.0.40219.1
Project("{FAE04EC0-301F-11D3-BF4B-00C04F79EFBC}") = "LeasingDb", "LeasingDb.csproj", "{F6A7B2F3-F3BC-40CC-AD94-DA7125B778DB}"
EndProject
Global
	GlobalSection(SolutionConfigurationPlatforms) = preSolution
		Debug|Any CPU = Debug|Any CPU
		Release|Any CPU = Release|Any CPU
	EndGlobalSection
	GlobalSection(ProjectConfigurationPlatforms) = postSolution
		{F6A7B2F3-F3BC-40CC-AD94-DA7125B778DB}.Debug|Any CPU.ActiveCfg = Debug|Any CPU
		{F6A7B2F3-F3BC-40CC-AD94-DA7125B778DB}.Debug|Any CPU.Build.0 = Debug|Any CPU
		{F6A7B2F3-F3BC-40CC-AD94-DA7125B778DB}.Release|Any CPU.ActiveCfg = Release|Any CPU
		{F6A7B2F3-F3BC-40CC-AD94-DA7125B778DB}.Release|Any CPU.Build.0 = Release|Any CPU
	EndGlobalSection
	GlobalSection(SolutionProperties) = preSolution
		HideSolutionNode = FALSE
	EndGlobalSection
	GlobalSection(ExtensibilityGlobals) = postSolution
		SolutionGuid = {8A021CF4-BD6B-463C-BFAD-F64F8D9048E3}
	EndGlobalSection
EndGlobal
